
Microsoft Visual Studio Solution File, Format Version 12.00
# Visual Studio Version 17
VisualStudioVersion = 17.0.31912.275
MinimumVisualStudioVersion = 10.0.40219.1
Project("{9A19103F-16F7-4668-BE54-9A1E7A4F7556}") = "Home.WebApps.WelcomeScreen", "Home.WebApps.WelcomeScreen\Home.WebApps.WelcomeScreen.csproj", "{9FF3F4DF-D325-4632-9564-F0FEE289DF86}"
EndProject
Global
	GlobalSection(SolutionConfigurationPlatforms) = preSolution
		Debug|Any CPU = Debug|Any CPU
		Release|Any CPU = Release|Any CPU
	EndGlobalSection
	GlobalSection(ProjectConfigurationPlatforms) = postSolution
		{9FF3F4DF-D325-4632-9564-F0FEE289DF86}.Debug|Any CPU.ActiveCfg = Debug|Any CPU
		{9FF3F4DF-D325-4632-9564-F0FEE289DF86}.Debug|Any CPU.Build.0 = Debug|Any CPU
		{9FF3F4DF-D325-4632-9564-F0FEE289DF86}.Release|Any CPU.ActiveCfg = Release|Any CPU
		{9FF3F4DF-D325-4632-9564-F0FEE289DF86}.Release|Any CPU.Build.0 = Release|Any CPU
	EndGlobalSection
	GlobalSection(SolutionProperties) = preSolution
		HideSolutionNode = FALSE
	EndGlobalSection
	GlobalSection(ExtensibilityGlobals) = postSolution
		SolutionGuid = {B6960D41-0123-4B22-9852-50F21B0A1E2E}
	EndGlobalSection
EndGlobal
